// !$*UTF8*$!
{
	archiveVersion = 1;
	classes = {
	};
	objectVersion = 46;
	objects = {

/* Begin PBXBuildFile section */
		58FE91251BBE1E4400848647 /* main.cpp in Sources */ = {isa = PBXBuildFile; fileRef = 58FE91241BBE1E4400848647 /* main.cpp */; };
		58FE912C1BBE202400848647 /* Point.cpp in Sources */ = {isa = PBXBuildFile; fileRef = 58FE912B1BBE202400848647 /* Point.cpp */; settings = {ASSET_TAGS = (); }; };
/* End PBXBuildFile section */

/* Begin PBXCopyFilesBuildPhase section */
		58FE911F1BBE1E4400848647 /* CopyFiles */ = {
			isa = PBXCopyFilesBuildPhase;
			buildActionMask = 2147483647;
			dstPath = /usr/share/man/man1/;
			dstSubfolderSpec = 0;
			files = (
			);
			runOnlyForDeploymentPostprocessing = 1;
		};
/* End PBXCopyFilesBuildPhase section */

/* Begin PBXFileReference section */
		5810674B1BC60DA3002F95B6 /* Number.h */ = {isa = PBXFileReference; lastKnownFileType = sourcecode.c.h; path = Number.h; sourceTree = "<group>"; };
		5810674D1BC611A7002F95B6 /* SmartPtr.h */ = {isa = PBXFileReference; lastKnownFileType = sourcecode.c.h; name = SmartPtr.h; path = ../SmartPtr.h; sourceTree = "<group>"; };
		5810674E1BC6208B002F95B6 /* Adder.h */ = {isa = PBXFileReference; lastKnownFileType = sourcecode.c.h; path = Adder.h; sourceTree = "<group>"; };
		5810674F1BC6227C002F95B6 /* SortRule.h */ = {isa = PBXFileReference; lastKnownFileType = sourcecode.c.h; path = SortRule.h; sourceTree = "<group>"; };
		581067501BC62415002F95B6 /* DataStorage.h */ = {isa = PBXFileReference; lastKnownFileType = sourcecode.c.h; path = DataStorage.h; sourceTree = "<group>"; };
		58FE91211BBE1E4400848647 /* Cpp_Practice3 */ = {isa = PBXFileReference; explicitFileType = "compiled.mach-o.executable"; includeInIndex = 0; path = Cpp_Practice3; sourceTree = BUILT_PRODUCTS_DIR; };
		58FE91241BBE1E4400848647 /* main.cpp */ = {isa = PBXFileReference; lastKnownFileType = sourcecode.cpp.cpp; path = main.cpp; sourceTree = "<group>"; };
		58FE912B1BBE202400848647 /* Point.cpp */ = {isa = PBXFileReference; fileEncoding = 4; lastKnownFileType = sourcecode.cpp.cpp; path = Point.cpp; sourceTree = "<group>"; };
		58FE912D1BBE202A00848647 /* Point.h */ = {isa = PBXFileReference; lastKnownFileType = sourcecode.c.h; path = Point.h; sourceTree = "<group>"; };
		58FE912E1BBE35B300848647 /* Person.h */ = {isa = PBXFileReference; lastKnownFileType = sourcecode.c.h; path = Person.h; sourceTree = "<group>"; };
/* End PBXFileReference section */

/* Begin PBXFrameworksBuildPhase section */
		58FE911E1BBE1E4400848647 /* Frameworks */ = {
			isa = PBXFrameworksBuildPhase;
			buildActionMask = 2147483647;
			files = (
			);
			runOnlyForDeploymentPostprocessing = 0;
		};
/* End PBXFrameworksBuildPhase section */

/* Begin PBXGroup section */
		58FE91181BBE1E4400848647 = {
			isa = PBXGroup;
			children = (
				58FE91231BBE1E4400848647 /* Cpp_Practice3 */,
				58FE91221BBE1E4400848647 /* Products */,
			);
			sourceTree = "<group>";
		};
		58FE91221BBE1E4400848647 /* Products */ = {
			isa = PBXGroup;
			children = (
				58FE91211BBE1E4400848647 /* Cpp_Practice3 */,
			);
			name = Products;
			sourceTree = "<group>";
		};
		58FE91231BBE1E4400848647 /* Cpp_Practice3 */ = {
			isa = PBXGroup;
			children = (
				5810674D1BC611A7002F95B6 /* SmartPtr.h */,
				58FE91241BBE1E4400848647 /* main.cpp */,
				581067501BC62415002F95B6 /* DataStorage.h */,
				5810674F1BC6227C002F95B6 /* SortRule.h */,
				58FE912B1BBE202400848647 /* Point.cpp */,
				58FE912D1BBE202A00848647 /* Point.h */,
				5810674E1BC6208B002F95B6 /* Adder.h */,
				5810674B1BC60DA3002F95B6 /* Number.h */,
				58FE912E1BBE35B300848647 /* Person.h */,
			);
			path = Cpp_Practice3;
			sourceTree = "<group>";
		};
/* End PBXGroup section */

/* Begin PBXNativeTarget section */
		58FE91201BBE1E4400848647 /* Cpp_Practice3 */ = {
			isa = PBXNativeTarget;
			buildConfigurationList = 58FE91281BBE1E4400848647 /* Build configuration list for PBXNativeTarget "Cpp_Practice3" */;
			buildPhases = (
				58FE911D1BBE1E4400848647 /* Sources */,
				58FE911E1BBE1E4400848647 /* Frameworks */,
				58FE911F1BBE1E4400848647 /* CopyFiles */,
			);
			buildRules = (
			);
			dependencies = (
			);
			name = Cpp_Practice3;
			productName = Cpp_Practice3;
			productReference = 58FE91211BBE1E4400848647 /* Cpp_Practice3 */;
			productType = "com.apple.product-type.tool";
		};
/* End PBXNativeTarget section */

/* Begin PBXProject section */
		58FE91191BBE1E4400848647 /* Project object */ = {
			isa = PBXProject;
			attributes = {
				LastUpgradeCheck = 0700;
				ORGANIZATIONNAME = Jsfumato;
				TargetAttributes = {
					58FE91201BBE1E4400848647 = {
						CreatedOnToolsVersion = 7.0.1;
					};
				};
			};
			buildConfigurationList = 58FE911C1BBE1E4400848647 /* Build configuration list for PBXProject "Cpp_Practice3" */;
			compatibilityVersion = "Xcode 3.2";
			developmentRegion = English;
			hasScannedForEncodings = 0;
			knownRegions = (
				en,
			);
			mainGroup = 58FE91181BBE1E4400848647;
			productRefGroup = 58FE91221BBE1E4400848647 /* Products */;
			projectDirPath = "";
			projectRoot = "";
			targets = (
				58FE91201BBE1E4400848647 /* Cpp_Practice3 */,
			);
		};
/* End PBXProject section */

/* Begin PBXSourcesBuildPhase section */
		58FE911D1BBE1E4400848647 /* Sources */ = {
			isa = PBXSourcesBuildPhase;
			buildActionMask = 2147483647;
			files = (
				58FE912C1BBE202400848647 /* Point.cpp in Sources */,
				58FE91251BBE1E4400848647 /* main.cpp in Sources */,
			);
			runOnlyForDeploymentPostprocessing = 0;
		};
/* End PBXSourcesBuildPhase section */

/* Begin XCBuildConfiguration section */
		58FE91261BBE1E4400848647 /* Debug */ = {
			isa = XCBuildConfiguration;
			buildSettings = {
				ALWAYS_SEARCH_USER_PATHS = NO;
				CLANG_CXX_LANGUAGE_STANDARD = "gnu++0x";
				CLANG_CXX_LIBRARY = "libc++";
				CLANG_ENABLE_MODULES = YES;
				CLANG_ENABLE_OBJC_ARC = YES;
				CLANG_WARN_BOOL_CONVERSION = YES;
				CLANG_WARN_CONSTANT_CONVERSION = YES;
				CLANG_WARN_DIRECT_OBJC_ISA_USAGE = YES_ERROR;
				CLANG_WARN_EMPTY_BODY = YES;
				CLANG_WARN_ENUM_CONVERSION = YES;
				CLANG_WARN_INT_CONVERSION = YES;
				CLANG_WARN_OBJC_ROOT_CLASS = YES_ERROR;
				CLANG_WARN_UNREACHABLE_CODE = YES;
				CLANG_WARN__DUPLICATE_METHOD_MATCH = YES;
				COPY_PHASE_STRIP = NO;
				DEBUG_INFORMATION_FORMAT = dwarf;
				ENABLE_STRICT_OBJC_MSGSEND = YES;
				ENABLE_TESTABILITY = YES;
				GCC_C_LANGUAGE_STANDARD = gnu99;
				GCC_DYNAMIC_NO_PIC = NO;
				GCC_NO_COMMON_BLOCKS = YES;
				GCC_OPTIMIZATION_LEVEL = 0;
				GCC_PREPROCESSOR_DEFINITIONS = (
					"DEBUG=1",
					"$(inherited)",
				);
				GCC_WARN_64_TO_32_BIT_CONVERSION = YES;
				GCC_WARN_ABOUT_RETURN_TYPE = YES_ERROR;
				GCC_WARN_UNDECLARED_SELECTOR = YES;
				GCC_WARN_UNINITIALIZED_AUTOS = YES_AGGRESSIVE;
				GCC_WARN_UNUSED_FUNCTION = YES;
				GCC_WARN_UNUSED_VARIABLE = YES;
				MACOSX_DEPLOYMENT_TARGET = 10.11;
				MTL_ENABLE_DEBUG_INFO = YES;
				ONLY_ACTIVE_ARCH = YES;
				SDKROOT = macosx;
			};
			name = Debug;
		};
		58FE91271BBE1E4400848647 /* Release */ = {
			isa = XCBuildConfiguration;
			buildSettings = {
				ALWAYS_SEARCH_USER_PATHS = NO;
				CLANG_CXX_LANGUAGE_STANDARD = "gnu++0x";
				CLANG_CXX_LIBRARY = "libc++";
				CLANG_ENABLE_MODULES = YES;
				CLANG_ENABLE_OBJC_ARC = YES;
				CLANG_WARN_BOOL_CONVERSION = YES;
				CLANG_WARN_CONSTANT_CONVERSION = YES;
				CLANG_WARN_DIRECT_OBJC_ISA_USAGE = YES_ERROR;
				CLANG_WARN_EMPTY_BODY = YES;
				CLANG_WARN_ENUM_CONVERSION = YES;
				CLANG_WARN_INT_CONVERSION = YES;
				CLANG_WARN_OBJC_ROOT_CLASS = YES_ERROR;
				CLANG_WARN_UNREACHABLE_CODE = YES;
				CLANG_WARN__DUPLICATE_METHOD_MATCH = YES;
				COPY_PHASE_STRIP = NO;
				DEBUG_INFORMATION_FORMAT = "dwarf-with-dsym";
				ENABLE_NS_ASSERTIONS = NO;
				ENABLE_STRICT_OBJC_MSGSEND = YES;
				GCC_C_LANGUAGE_STANDARD = gnu99;
				GCC_NO_COMMON_BLOCKS = YES;
				GCC_WARN_64_TO_32_BIT_CONVERSION = YES;
				GCC_WARN_ABOUT_RETURN_TYPE = YES_ERROR;
				GCC_WARN_UNDECLARED_SELECTOR = YES;
				GCC_WARN_UNINITIALIZED_AUTOS = YES_AGGRESSIVE;
				GCC_WARN_UNUSED_FUNCTION = YES;
				GCC_WARN_UNUSED_VARIABLE = YES;
				MACOSX_DEPLOYMENT_TARGET = 10.11;
				MTL_ENABLE_DEBUG_INFO = NO;
				SDKROOT = macosx;
			};
			name = Release;
		};
		58FE91291BBE1E4400848647 /* Debug */ = {
			isa = XCBuildConfiguration;
			buildSettings = {
				PRODUCT_NAME = "$(TARGET_NAME)";
			};
			name = Debug;
		};
		58FE912A1BBE1E4400848647 /* Release */ = {
			isa = XCBuildConfiguration;
			buildSettings = {
				PRODUCT_NAME = "$(TARGET_NAME)";
			};
			name = Release;
		};
/* End XCBuildConfiguration section */

/* Begin XCConfigurationList section */
		58FE911C1BBE1E4400848647 /* Build configuration list for PBXProject "Cpp_Practice3" */ = {
			isa = XCConfigurationList;
			buildConfigurations = (
				58FE91261BBE1E4400848647 /* Debug */,
				58FE91271BBE1E4400848647 /* Release */,
			);
			defaultConfigurationIsVisible = 0;
			defaultConfigurationName = Release;
		};
		58FE91281BBE1E4400848647 /* Build configuration list for PBXNativeTarget "Cpp_Practice3" */ = {
			isa = XCConfigurationList;
			buildConfigurations = (
				58FE91291BBE1E4400848647 /* Debug */,
				58FE912A1BBE1E4400848647 /* Release */,
			);
			defaultConfigurationIsVisible = 0;
			defaultConfigurationName = Release;
		};
/* End XCConfigurationList section */
	};
	rootObject = 58FE91191BBE1E4400848647 /* Project object */;
}
