// !$*UTF8*$!
{
	archiveVersion = 1;
	classes = {
	};
	objectVersion = 46;
	objects = {

/* Begin PBXBuildFile section */
		58CB01321BAA87DD00DA2095 /* main.cpp in Sources */ = {isa = PBXBuildFile; fileRef = 58CB01311BAA87DD00DA2095 /* main.cpp */; };
		58CB013A1BAA87F000DA2095 /* Employee.cpp in Sources */ = {isa = PBXBuildFile; fileRef = 58CB01381BAA87F000DA2095 /* Employee.cpp */; };
		58CB013D1BAA87F500DA2095 /* Manager.cpp in Sources */ = {isa = PBXBuildFile; fileRef = 58CB013B1BAA87F500DA2095 /* Manager.cpp */; };
/* End PBXBuildFile section */

/* Begin PBXCopyFilesBuildPhase section */
		58CB012C1BAA87DD00DA2095 /* CopyFiles */ = {
			isa = PBXCopyFilesBuildPhase;
			buildActionMask = 2147483647;
			dstPath = /usr/share/man/man1/;
			dstSubfolderSpec = 0;
			files = (
			);
			runOnlyForDeploymentPostprocessing = 1;
		};
/* End PBXCopyFilesBuildPhase section */

/* Begin PBXFileReference section */
		58CB012E1BAA87DD00DA2095 /* Cpp_practice_1 */ = {isa = PBXFileReference; explicitFileType = "compiled.mach-o.executable"; includeInIndex = 0; path = Cpp_practice_1; sourceTree = BUILT_PRODUCTS_DIR; };
		58CB01311BAA87DD00DA2095 /* main.cpp */ = {isa = PBXFileReference; lastKnownFileType = sourcecode.cpp.cpp; path = main.cpp; sourceTree = "<group>"; };
		58CB01381BAA87F000DA2095 /* Employee.cpp */ = {isa = PBXFileReference; fileEncoding = 4; lastKnownFileType = sourcecode.cpp.cpp; path = Employee.cpp; sourceTree = "<group>"; };
		58CB01391BAA87F000DA2095 /* Employee.h */ = {isa = PBXFileReference; fileEncoding = 4; lastKnownFileType = sourcecode.c.h; path = Employee.h; sourceTree = "<group>"; };
		58CB013B1BAA87F500DA2095 /* Manager.cpp */ = {isa = PBXFileReference; fileEncoding = 4; lastKnownFileType = sourcecode.cpp.cpp; path = Manager.cpp; sourceTree = "<group>"; };
		58CB013C1BAA87F500DA2095 /* Manager.h */ = {isa = PBXFileReference; fileEncoding = 4; lastKnownFileType = sourcecode.c.h; path = Manager.h; sourceTree = "<group>"; };
/* End PBXFileReference section */

/* Begin PBXFrameworksBuildPhase section */
		58CB012B1BAA87DD00DA2095 /* Frameworks */ = {
			isa = PBXFrameworksBuildPhase;
			buildActionMask = 2147483647;
			files = (
			);
			runOnlyForDeploymentPostprocessing = 0;
		};
/* End PBXFrameworksBuildPhase section */

/* Begin PBXGroup section */
		58CB01251BAA87DD00DA2095 = {
			isa = PBXGroup;
			children = (
				58CB01301BAA87DD00DA2095 /* Cpp_practice_1 */,
				58CB012F1BAA87DD00DA2095 /* Products */,
			);
			sourceTree = "<group>";
		};
		58CB012F1BAA87DD00DA2095 /* Products */ = {
			isa = PBXGroup;
			children = (
				58CB012E1BAA87DD00DA2095 /* Cpp_practice_1 */,
			);
			name = Products;
			sourceTree = "<group>";
		};
		58CB01301BAA87DD00DA2095 /* Cpp_practice_1 */ = {
			isa = PBXGroup;
			children = (
				58CB01311BAA87DD00DA2095 /* main.cpp */,
				58CB01381BAA87F000DA2095 /* Employee.cpp */,
				58CB01391BAA87F000DA2095 /* Employee.h */,
				58CB013B1BAA87F500DA2095 /* Manager.cpp */,
				58CB013C1BAA87F500DA2095 /* Manager.h */,
			);
			path = Cpp_practice_1;
			sourceTree = "<group>";
		};
/* End PBXGroup section */

/* Begin PBXNativeTarget section */
		58CB012D1BAA87DD00DA2095 /* Cpp_practice_1 */ = {
			isa = PBXNativeTarget;
			buildConfigurationList = 58CB01351BAA87DD00DA2095 /* Build configuration list for PBXNativeTarget "Cpp_practice_1" */;
			buildPhases = (
				58CB012A1BAA87DD00DA2095 /* Sources */,
				58CB012B1BAA87DD00DA2095 /* Frameworks */,
				58CB012C1BAA87DD00DA2095 /* CopyFiles */,
			);
			buildRules = (
			);
			dependencies = (
			);
			name = Cpp_practice_1;
			productName = Cpp_practice_1;
			productReference = 58CB012E1BAA87DD00DA2095 /* Cpp_practice_1 */;
			productType = "com.apple.product-type.tool";
		};
/* End PBXNativeTarget section */

/* Begin PBXProject section */
		58CB01261BAA87DD00DA2095 /* Project object */ = {
			isa = PBXProject;
			attributes = {
				LastUpgradeCheck = 0640;
				ORGANIZATIONNAME = Jsfumato;
				TargetAttributes = {
					58CB012D1BAA87DD00DA2095 = {
						CreatedOnToolsVersion = 6.4;
					};
				};
			};
			buildConfigurationList = 58CB01291BAA87DD00DA2095 /* Build configuration list for PBXProject "Cpp_practice_1" */;
			compatibilityVersion = "Xcode 3.2";
			developmentRegion = English;
			hasScannedForEncodings = 0;
			knownRegions = (
				en,
			);
			mainGroup = 58CB01251BAA87DD00DA2095;
			productRefGroup = 58CB012F1BAA87DD00DA2095 /* Products */;
			projectDirPath = "";
			projectRoot = "";
			targets = (
				58CB012D1BAA87DD00DA2095 /* Cpp_practice_1 */,
			);
		};
/* End PBXProject section */

/* Begin PBXSourcesBuildPhase section */
		58CB012A1BAA87DD00DA2095 /* Sources */ = {
			isa = PBXSourcesBuildPhase;
			buildActionMask = 2147483647;
			files = (
				58CB01321BAA87DD00DA2095 /* main.cpp in Sources */,
				58CB013D1BAA87F500DA2095 /* Manager.cpp in Sources */,
				58CB013A1BAA87F000DA2095 /* Employee.cpp in Sources */,
			);
			runOnlyForDeploymentPostprocessing = 0;
		};
/* End PBXSourcesBuildPhase section */

/* Begin XCBuildConfiguration section */
		58CB01331BAA87DD00DA2095 /* Debug */ = {
			isa = XCBuildConfiguration;
			buildSettings = {
				ALWAYS_SEARCH_USER_PATHS = NO;
				CLANG_CXX_LANGUAGE_STANDARD = "gnu++0x";
				CLANG_CXX_LIBRARY = "libc++";
				CLANG_ENABLE_MODULES = YES;
				CLANG_ENABLE_OBJC_ARC = YES;
				CLANG_WARN_BOOL_CONVERSION = YES;
				CLANG_WARN_CONSTANT_CONVERSION = YES;
				CLANG_WARN_DIRECT_OBJC_ISA_USAGE = YES_ERROR;
				CLANG_WARN_EMPTY_BODY = YES;
				CLANG_WARN_ENUM_CONVERSION = YES;
				CLANG_WARN_INT_CONVERSION = YES;
				CLANG_WARN_OBJC_ROOT_CLASS = YES_ERROR;
				CLANG_WARN_UNREACHABLE_CODE = YES;
				CLANG_WARN__DUPLICATE_METHOD_MATCH = YES;
				COPY_PHASE_STRIP = NO;
				DEBUG_INFORMATION_FORMAT = dwarf;
				ENABLE_STRICT_OBJC_MSGSEND = YES;
				GCC_C_LANGUAGE_STANDARD = gnu99;
				GCC_DYNAMIC_NO_PIC = NO;
				GCC_NO_COMMON_BLOCKS = YES;
				GCC_OPTIMIZATION_LEVEL = 0;
				GCC_PREPROCESSOR_DEFINITIONS = (
					"DEBUG=1",
					"$(inherited)",
				);
				GCC_SYMBOLS_PRIVATE_EXTERN = NO;
				GCC_WARN_64_TO_32_BIT_CONVERSION = YES;
				GCC_WARN_ABOUT_RETURN_TYPE = YES_ERROR;
				GCC_WARN_UNDECLARED_SELECTOR = YES;
				GCC_WARN_UNINITIALIZED_AUTOS = YES_AGGRESSIVE;
				GCC_WARN_UNUSED_FUNCTION = YES;
				GCC_WARN_UNUSED_VARIABLE = YES;
				MACOSX_DEPLOYMENT_TARGET = 10.10;
				MTL_ENABLE_DEBUG_INFO = YES;
				ONLY_ACTIVE_ARCH = YES;
				SDKROOT = macosx;
			};
			name = Debug;
		};
		58CB01341BAA87DD00DA2095 /* Release */ = {
			isa = XCBuildConfiguration;
			buildSettings = {
				ALWAYS_SEARCH_USER_PATHS = NO;
				CLANG_CXX_LANGUAGE_STANDARD = "gnu++0x";
				CLANG_CXX_LIBRARY = "libc++";
				CLANG_ENABLE_MODULES = YES;
				CLANG_ENABLE_OBJC_ARC = YES;
				CLANG_WARN_BOOL_CONVERSION = YES;
				CLANG_WARN_CONSTANT_CONVERSION = YES;
				CLANG_WARN_DIRECT_OBJC_ISA_USAGE = YES_ERROR;
				CLANG_WARN_EMPTY_BODY = YES;
				CLANG_WARN_ENUM_CONVERSION = YES;
				CLANG_WARN_INT_CONVERSION = YES;
				CLANG_WARN_OBJC_ROOT_CLASS = YES_ERROR;
				CLANG_WARN_UNREACHABLE_CODE = YES;
				CLANG_WARN__DUPLICATE_METHOD_MATCH = YES;
				COPY_PHASE_STRIP = NO;
				DEBUG_INFORMATION_FORMAT = "dwarf-with-dsym";
				ENABLE_NS_ASSERTIONS = NO;
				ENABLE_STRICT_OBJC_MSGSEND = YES;
				GCC_C_LANGUAGE_STANDARD = gnu99;
				GCC_NO_COMMON_BLOCKS = YES;
				GCC_WARN_64_TO_32_BIT_CONVERSION = YES;
				GCC_WARN_ABOUT_RETURN_TYPE = YES_ERROR;
				GCC_WARN_UNDECLARED_SELECTOR = YES;
				GCC_WARN_UNINITIALIZED_AUTOS = YES_AGGRESSIVE;
				GCC_WARN_UNUSED_FUNCTION = YES;
				GCC_WARN_UNUSED_VARIABLE = YES;
				MACOSX_DEPLOYMENT_TARGET = 10.10;
				MTL_ENABLE_DEBUG_INFO = NO;
				SDKROOT = macosx;
			};
			name = Release;
		};
		58CB01361BAA87DD00DA2095 /* Debug */ = {
			isa = XCBuildConfiguration;
			buildSettings = {
				PRODUCT_NAME = "$(TARGET_NAME)";
			};
			name = Debug;
		};
		58CB01371BAA87DD00DA2095 /* Release */ = {
			isa = XCBuildConfiguration;
			buildSettings = {
				PRODUCT_NAME = "$(TARGET_NAME)";
			};
			name = Release;
		};
/* End XCBuildConfiguration section */

/* Begin XCConfigurationList section */
		58CB01291BAA87DD00DA2095 /* Build configuration list for PBXProject "Cpp_practice_1" */ = {
			isa = XCConfigurationList;
			buildConfigurations = (
				58CB01331BAA87DD00DA2095 /* Debug */,
				58CB01341BAA87DD00DA2095 /* Release */,
			);
			defaultConfigurationIsVisible = 0;
			defaultConfigurationName = Release;
		};
		58CB01351BAA87DD00DA2095 /* Build configuration list for PBXNativeTarget "Cpp_practice_1" */ = {
			isa = XCConfigurationList;
			buildConfigurations = (
				58CB01361BAA87DD00DA2095 /* Debug */,
				58CB01371BAA87DD00DA2095 /* Release */,
			);
			defaultConfigurationIsVisible = 0;
		};
/* End XCConfigurationList section */
	};
	rootObject = 58CB01261BAA87DD00DA2095 /* Project object */;
}
